
Microsoft Visual Studio Solution File, Format Version 12.00
# Visual Studio 15
VisualStudioVersion = 15.0.28307.136
MinimumVisualStudioVersion = 10.0.40219.1
Project("{FAE04EC0-301F-11D3-BF4B-00C04F79EFBC}") = "CoreWebApp1", "CoreWebApp1\CoreWebApp1.csproj", "{18EFD635-F649-4334-9EB0-645CA6B04FA9}"
EndProject
Global
	GlobalSection(SolutionConfigurationPlatforms) = preSolution
		Debug|Any CPU = Debug|Any CPU
		Release|Any CPU = Release|Any CPU
	EndGlobalSection
	GlobalSection(ProjectConfigurationPlatforms) = postSolution
		{18EFD635-F649-4334-9EB0-645CA6B04FA9}.Debug|Any CPU.ActiveCfg = Debug|Any CPU
		{18EFD635-F649-4334-9EB0-645CA6B04FA9}.Debug|Any CPU.Build.0 = Debug|Any CPU
		{18EFD635-F649-4334-9EB0-645CA6B04FA9}.Release|Any CPU.ActiveCfg = Release|Any CPU
		{18EFD635-F649-4334-9EB0-645CA6B04FA9}.Release|Any CPU.Build.0 = Release|Any CPU
	EndGlobalSection
	GlobalSection(SolutionProperties) = preSolution
		HideSolutionNode = FALSE
	EndGlobalSection
	GlobalSection(ExtensibilityGlobals) = postSolution
		SolutionGuid = {006B2363-EFB6-4B6A-A164-CE8C2083E2C9}
	EndGlobalSection
EndGlobal
